
Microsoft Visual Studio Solution File, Format Version 12.00
# Visual Studio 2013
VisualStudioVersion = 12.0.31101.0
MinimumVisualStudioVersion = 10.0.40219.1
Project("{FAE04EC0-301F-11D3-BF4B-00C04F79EFBC}") = "Demo.SeleniumTest", "Demo.SeleniumTest\Demo.SeleniumTest.csproj", "{10BEAB36-10B8-452F-A84B-5EECB7359804}"
EndProject
Project("{FAE04EC0-301F-11D3-BF4B-00C04F79EFBC}") = "Demo.SeleniumTest.Winfrom", "Demo.SeleniumTest.Winfrom\Demo.SeleniumTest.Winfrom.csproj", "{904DBD99-07E6-412B-A971-F51135A5EB33}"
EndProject
Global
	GlobalSection(SolutionConfigurationPlatforms) = preSolution
		Debug|Any CPU = Debug|Any CPU
		Release|Any CPU = Release|Any CPU
	EndGlobalSection
	GlobalSection(ProjectConfigurationPlatforms) = postSolution
		{10BEAB36-10B8-452F-A84B-5EECB7359804}.Debug|Any CPU.ActiveCfg = Debug|Any CPU
		{10BEAB36-10B8-452F-A84B-5EECB7359804}.Debug|Any CPU.Build.0 = Debug|Any CPU
		{10BEAB36-10B8-452F-A84B-5EECB7359804}.Release|Any CPU.ActiveCfg = Release|Any CPU
		{10BEAB36-10B8-452F-A84B-5EECB7359804}.Release|Any CPU.Build.0 = Release|Any CPU
		{904DBD99-07E6-412B-A971-F51135A5EB33}.Debug|Any CPU.ActiveCfg = Debug|Any CPU
		{904DBD99-07E6-412B-A971-F51135A5EB33}.Debug|Any CPU.Build.0 = Debug|Any CPU
		{904DBD99-07E6-412B-A971-F51135A5EB33}.Release|Any CPU.ActiveCfg = Release|Any CPU
		{904DBD99-07E6-412B-A971-F51135A5EB33}.Release|Any CPU.Build.0 = Release|Any CPU
	EndGlobalSection
	GlobalSection(SolutionProperties) = preSolution
		HideSolutionNode = FALSE
	EndGlobalSection
EndGlobal
